
Microsoft Visual Studio Solution File, Format Version 12.00
# Visual Studio 15
VisualStudioVersion = 15.0.28307.421
MinimumVisualStudioVersion = 10.0.40219.1
Project("{9A19103F-16F7-4668-BE54-9A1E7A4F7556}") = "Diversion", "Diversion\Diversion.csproj", "{4FE2A762-E0D0-4294-B8E4-AADC62A518B1}"
EndProject
Project("{FAE04EC0-301F-11D3-BF4B-00C04F79EFBC}") = "DiversionTests", "DiversionTests\DiversionTests.csproj", "{7BF42E4B-E12B-4332-B208-44C8989FE245}"
EndProject
Global
	GlobalSection(SolutionConfigurationPlatforms) = preSolution
		Debug|Any CPU = Debug|Any CPU
		Release|Any CPU = Release|Any CPU
	EndGlobalSection
	GlobalSection(ProjectConfigurationPlatforms) = postSolution
		{4FE2A762-E0D0-4294-B8E4-AADC62A518B1}.Debug|Any CPU.ActiveCfg = Debug|Any CPU
		{4FE2A762-E0D0-4294-B8E4-AADC62A518B1}.Debug|Any CPU.Build.0 = Debug|Any CPU
		{4FE2A762-E0D0-4294-B8E4-AADC62A518B1}.Release|Any CPU.ActiveCfg = Release|Any CPU
		{4FE2A762-E0D0-4294-B8E4-AADC62A518B1}.Release|Any CPU.Build.0 = Release|Any CPU
		{7BF42E4B-E12B-4332-B208-44C8989FE245}.Debug|Any CPU.ActiveCfg = Debug|Any CPU
		{7BF42E4B-E12B-4332-B208-44C8989FE245}.Debug|Any CPU.Build.0 = Debug|Any CPU
		{7BF42E4B-E12B-4332-B208-44C8989FE245}.Release|Any CPU.ActiveCfg = Release|Any CPU
		{7BF42E4B-E12B-4332-B208-44C8989FE245}.Release|Any CPU.Build.0 = Release|Any CPU
	EndGlobalSection
	GlobalSection(SolutionProperties) = preSolution
		HideSolutionNode = FALSE
	EndGlobalSection
	GlobalSection(ExtensibilityGlobals) = postSolution
		SolutionGuid = {0CF256F1-360A-45CB-B60B-AD892ACF389C}
	EndGlobalSection
EndGlobal
