
Microsoft Visual Studio Solution File, Format Version 12.00
# Visual Studio 15
VisualStudioVersion = 15.0.28307.421
MinimumVisualStudioVersion = 10.0.40219.1
Project("{9A19103F-16F7-4668-BE54-9A1E7A4F7556}") = "Dominoes", "Dominoes.csproj", "{F56BDA1D-5B7E-429E-AD70-4D55C8B8E6E5}"
EndProject
Global
	GlobalSection(SolutionConfigurationPlatforms) = preSolution
		Debug|Any CPU = Debug|Any CPU
		Release|Any CPU = Release|Any CPU
	EndGlobalSection
	GlobalSection(ProjectConfigurationPlatforms) = postSolution
		{F56BDA1D-5B7E-429E-AD70-4D55C8B8E6E5}.Debug|Any CPU.ActiveCfg = Debug|Any CPU
		{F56BDA1D-5B7E-429E-AD70-4D55C8B8E6E5}.Debug|Any CPU.Build.0 = Debug|Any CPU
		{F56BDA1D-5B7E-429E-AD70-4D55C8B8E6E5}.Release|Any CPU.ActiveCfg = Release|Any CPU
		{F56BDA1D-5B7E-429E-AD70-4D55C8B8E6E5}.Release|Any CPU.Build.0 = Release|Any CPU
	EndGlobalSection
	GlobalSection(SolutionProperties) = preSolution
		HideSolutionNode = FALSE
	EndGlobalSection
	GlobalSection(ExtensibilityGlobals) = postSolution
		SolutionGuid = {56C5E072-6D6D-4FE2-AF8D-0B67ECFF04E0}
	EndGlobalSection
EndGlobal
